
Microsoft Visual Studio Solution File, Format Version 12.00
Project("{FAE04EC0-301F-11D3-BF4B-00C04F79EFBC}") = "TwoWaySync", "TwoWaySync\TwoWaySync.csproj", "{D5F905E5-4A9D-468B-8C80-D0FC22BB8F16}"
EndProject
Project("{FAE04EC0-301F-11D3-BF4B-00C04F79EFBC}") = "TwoWaySync.Tests", "TwoWaySync.Tests\TwoWaySync.Tests.csproj", "{951D6B77-2375-4F4D-86D8-BD3C36D6635E}"
EndProject
Global
	GlobalSection(SolutionConfigurationPlatforms) = preSolution
		Debug|Any CPU = Debug|Any CPU
		Release|Any CPU = Release|Any CPU
	EndGlobalSection
	GlobalSection(ProjectConfigurationPlatforms) = postSolution
		{D5F905E5-4A9D-468B-8C80-D0FC22BB8F16}.Debug|Any CPU.ActiveCfg = Debug|Any CPU
		{D5F905E5-4A9D-468B-8C80-D0FC22BB8F16}.Debug|Any CPU.Build.0 = Debug|Any CPU
		{D5F905E5-4A9D-468B-8C80-D0FC22BB8F16}.Release|Any CPU.ActiveCfg = Release|Any CPU
		{D5F905E5-4A9D-468B-8C80-D0FC22BB8F16}.Release|Any CPU.Build.0 = Release|Any CPU
		{951D6B77-2375-4F4D-86D8-BD3C36D6635E}.Debug|Any CPU.ActiveCfg = Debug|Any CPU
		{951D6B77-2375-4F4D-86D8-BD3C36D6635E}.Debug|Any CPU.Build.0 = Debug|Any CPU
		{951D6B77-2375-4F4D-86D8-BD3C36D6635E}.Release|Any CPU.ActiveCfg = Release|Any CPU
		{951D6B77-2375-4F4D-86D8-BD3C36D6635E}.Release|Any CPU.Build.0 = Release|Any CPU
	EndGlobalSection
EndGlobal
